
Microsoft Visual Studio Solution File, Format Version 11.00
# Visual Studio 2010
Project("{FAE04EC0-301F-11D3-BF4B-00C04F79EFBC}") = "Glib", "ToInt\Glib.csproj", "{A08A41C3-6014-41A6-B59B-A17AC077022D}"
EndProject
Project("{FAE04EC0-301F-11D3-BF4B-00C04F79EFBC}") = "ConsoleTest", "ConsoleTest\ConsoleTest.csproj", "{46FF88CD-0E09-4DE1-8F22-5B08FB05A100}"
EndProject
Project("{FAE04EC0-301F-11D3-BF4B-00C04F79EFBC}") = "WinFormsTest", "WinFormsTest\WinFormsTest.csproj", "{60AC0211-7C5E-4AFE-AB54-21CE99D53320}"
EndProject
Project("{FAE04EC0-301F-11D3-BF4B-00C04F79EFBC}") = "XNATest", "XNATest\XNATest\XNATest.csproj", "{239BF09F-3F4E-4CA8-9BE3-D5623A4A0896}"
EndProject
Project("{FAE04EC0-301F-11D3-BF4B-00C04F79EFBC}") = "XNATestContent", "XNATest\XNATestContent\XNATestContent.contentproj", "{99E8A91A-6E4C-4A32-92EE-BE90A701DE32}"
EndProject
Project("{FAE04EC0-301F-11D3-BF4B-00C04F79EFBC}") = "SpritePreviewer", "SpritePreviewer\SpritePreviewer\SpritePreviewer.csproj", "{F911554F-861F-47E0-80E6-275A197E9F36}"
EndProject
Project("{FAE04EC0-301F-11D3-BF4B-00C04F79EFBC}") = "SpritePreviewerContent", "SpritePreviewer\SpritePreviewerContent\SpritePreviewerContent.contentproj", "{F0E9F98D-4FFD-4B99-AD78-631FCCD4F85A}"
EndProject
Project("{FAE04EC0-301F-11D3-BF4B-00C04F79EFBC}") = "NetworkTest", "NetworkTest\NetworkTest\NetworkTest.csproj", "{95557981-AF67-4568-B303-5C5A94793B10}"
EndProject
Project("{FAE04EC0-301F-11D3-BF4B-00C04F79EFBC}") = "NetworkTestContent", "NetworkTest\NetworkTestContent\NetworkTestContent.contentproj", "{8FC7FDB6-01BA-4538-BDF1-EA79C5E41DC0}"
EndProject
Project("{FAE04EC0-301F-11D3-BF4B-00C04F79EFBC}") = "GlibUnitTests", "GlibUnitTests\GlibUnitTests.csproj", "{B330C39D-9E1A-4D8E-8601-46791D38692A}"
EndProject
Project("{7CF6DF6D-3B04-46F8-A40B-537D21BCA0B4}") = "GlibDocs", "GlibDocs.shfbproj", "{AB995E12-0E41-4069-BF53-92BA5CCA0281}"
EndProject
Project("{FAE04EC0-301F-11D3-BF4B-00C04F79EFBC}") = "GlibXNA", "GlibXNA\GlibXNA.csproj", "{CE0948B0-4DD8-4841-A163-BD79C03D52EB}"
EndProject
Project("{FAE04EC0-301F-11D3-BF4B-00C04F79EFBC}") = "GlibXNA on Xbox", "GlibXNA\GlibXNA on Xbox.csproj", "{442E51D1-79AE-4F9E-B368-F9DA7A70EC39}"
EndProject
Project("{FAE04EC0-301F-11D3-BF4B-00C04F79EFBC}") = "VideoTest", "..\VideoTest\VideoTest\VideoTest.csproj", "{DB2C8D4A-473F-46D9-9327-A4152431B6BF}"
EndProject
Project("{96E2B04D-8817-42C6-938A-82C39BA4D311}") = "VideoTestContent", "..\VideoTest\VideoTestContent\VideoTestContent.contentproj", "{9C2901BA-B20D-49A3-9183-D620C369BAD0}"
EndProject
Global
	GlobalSection(TestCaseManagementSettings) = postSolution
		CategoryFile = GlenLibrary.vsmdi
	EndGlobalSection
	GlobalSection(SolutionConfigurationPlatforms) = preSolution
		Debug|Any CPU = Debug|Any CPU
		Debug|Mixed Platforms = Debug|Mixed Platforms
		Debug|x86 = Debug|x86
		Debug|Xbox 360 = Debug|Xbox 360
		Release|Any CPU = Release|Any CPU
		Release|Mixed Platforms = Release|Mixed Platforms
		Release|x86 = Release|x86
		Release|Xbox 360 = Release|Xbox 360
	EndGlobalSection
	GlobalSection(ProjectConfigurationPlatforms) = postSolution
		{A08A41C3-6014-41A6-B59B-A17AC077022D}.Debug|Any CPU.ActiveCfg = Debug|Any CPU
		{A08A41C3-6014-41A6-B59B-A17AC077022D}.Debug|Any CPU.Build.0 = Debug|Any CPU
		{A08A41C3-6014-41A6-B59B-A17AC077022D}.Debug|Mixed Platforms.ActiveCfg = Debug|Any CPU
		{A08A41C3-6014-41A6-B59B-A17AC077022D}.Debug|Mixed Platforms.Build.0 = Debug|Any CPU
		{A08A41C3-6014-41A6-B59B-A17AC077022D}.Debug|x86.ActiveCfg = Debug|Any CPU
		{A08A41C3-6014-41A6-B59B-A17AC077022D}.Debug|Xbox 360.ActiveCfg = Debug|Any CPU
		{A08A41C3-6014-41A6-B59B-A17AC077022D}.Release|Any CPU.ActiveCfg = Release|Any CPU
		{A08A41C3-6014-41A6-B59B-A17AC077022D}.Release|Any CPU.Build.0 = Release|Any CPU
		{A08A41C3-6014-41A6-B59B-A17AC077022D}.Release|Mixed Platforms.ActiveCfg = Release|Any CPU
		{A08A41C3-6014-41A6-B59B-A17AC077022D}.Release|Mixed Platforms.Build.0 = Release|Any CPU
		{A08A41C3-6014-41A6-B59B-A17AC077022D}.Release|x86.ActiveCfg = Release|Any CPU
		{A08A41C3-6014-41A6-B59B-A17AC077022D}.Release|Xbox 360.ActiveCfg = Release|Any CPU
		{46FF88CD-0E09-4DE1-8F22-5B08FB05A100}.Debug|Any CPU.ActiveCfg = Debug|x86
		{46FF88CD-0E09-4DE1-8F22-5B08FB05A100}.Debug|Mixed Platforms.ActiveCfg = Debug|x86
		{46FF88CD-0E09-4DE1-8F22-5B08FB05A100}.Debug|Mixed Platforms.Build.0 = Debug|x86
		{46FF88CD-0E09-4DE1-8F22-5B08FB05A100}.Debug|x86.ActiveCfg = Debug|x86
		{46FF88CD-0E09-4DE1-8F22-5B08FB05A100}.Debug|x86.Build.0 = Debug|x86
		{46FF88CD-0E09-4DE1-8F22-5B08FB05A100}.Debug|Xbox 360.ActiveCfg = Debug|x86
		{46FF88CD-0E09-4DE1-8F22-5B08FB05A100}.Release|Any CPU.ActiveCfg = Release|x86
		{46FF88CD-0E09-4DE1-8F22-5B08FB05A100}.Release|Mixed Platforms.ActiveCfg = Release|x86
		{46FF88CD-0E09-4DE1-8F22-5B08FB05A100}.Release|Mixed Platforms.Build.0 = Release|x86
		{46FF88CD-0E09-4DE1-8F22-5B08FB05A100}.Release|x86.ActiveCfg = Release|x86
		{46FF88CD-0E09-4DE1-8F22-5B08FB05A100}.Release|x86.Build.0 = Release|x86
		{46FF88CD-0E09-4DE1-8F22-5B08FB05A100}.Release|Xbox 360.ActiveCfg = Release|x86
		{60AC0211-7C5E-4AFE-AB54-21CE99D53320}.Debug|Any CPU.ActiveCfg = Debug|x86
		{60AC0211-7C5E-4AFE-AB54-21CE99D53320}.Debug|Mixed Platforms.ActiveCfg = Debug|x86
		{60AC0211-7C5E-4AFE-AB54-21CE99D53320}.Debug|Mixed Platforms.Build.0 = Debug|x86
		{60AC0211-7C5E-4AFE-AB54-21CE99D53320}.Debug|x86.ActiveCfg = Debug|x86
		{60AC0211-7C5E-4AFE-AB54-21CE99D53320}.Debug|x86.Build.0 = Debug|x86
		{60AC0211-7C5E-4AFE-AB54-21CE99D53320}.Debug|Xbox 360.ActiveCfg = Debug|x86
		{60AC0211-7C5E-4AFE-AB54-21CE99D53320}.Release|Any CPU.ActiveCfg = Release|x86
		{60AC0211-7C5E-4AFE-AB54-21CE99D53320}.Release|Mixed Platforms.ActiveCfg = Release|x86
		{60AC0211-7C5E-4AFE-AB54-21CE99D53320}.Release|Mixed Platforms.Build.0 = Release|x86
		{60AC0211-7C5E-4AFE-AB54-21CE99D53320}.Release|x86.ActiveCfg = Release|x86
		{60AC0211-7C5E-4AFE-AB54-21CE99D53320}.Release|x86.Build.0 = Release|x86
		{60AC0211-7C5E-4AFE-AB54-21CE99D53320}.Release|Xbox 360.ActiveCfg = Release|x86
		{239BF09F-3F4E-4CA8-9BE3-D5623A4A0896}.Debug|Any CPU.ActiveCfg = Debug|x86
		{239BF09F-3F4E-4CA8-9BE3-D5623A4A0896}.Debug|Mixed Platforms.ActiveCfg = Debug|x86
		{239BF09F-3F4E-4CA8-9BE3-D5623A4A0896}.Debug|Mixed Platforms.Build.0 = Debug|x86
		{239BF09F-3F4E-4CA8-9BE3-D5623A4A0896}.Debug|x86.ActiveCfg = Debug|x86
		{239BF09F-3F4E-4CA8-9BE3-D5623A4A0896}.Debug|x86.Build.0 = Debug|x86
		{239BF09F-3F4E-4CA8-9BE3-D5623A4A0896}.Debug|Xbox 360.ActiveCfg = Debug|x86
		{239BF09F-3F4E-4CA8-9BE3-D5623A4A0896}.Debug|Xbox 360.Build.0 = Debug|x86
		{239BF09F-3F4E-4CA8-9BE3-D5623A4A0896}.Release|Any CPU.ActiveCfg = Release|x86
		{239BF09F-3F4E-4CA8-9BE3-D5623A4A0896}.Release|Mixed Platforms.ActiveCfg = Release|x86
		{239BF09F-3F4E-4CA8-9BE3-D5623A4A0896}.Release|Mixed Platforms.Build.0 = Release|x86
		{239BF09F-3F4E-4CA8-9BE3-D5623A4A0896}.Release|x86.ActiveCfg = Release|x86
		{239BF09F-3F4E-4CA8-9BE3-D5623A4A0896}.Release|x86.Build.0 = Release|x86
		{239BF09F-3F4E-4CA8-9BE3-D5623A4A0896}.Release|Xbox 360.ActiveCfg = Release|x86
		{239BF09F-3F4E-4CA8-9BE3-D5623A4A0896}.Release|Xbox 360.Build.0 = Release|x86
		{99E8A91A-6E4C-4A32-92EE-BE90A701DE32}.Debug|Any CPU.ActiveCfg = Debug|x86
		{99E8A91A-6E4C-4A32-92EE-BE90A701DE32}.Debug|Mixed Platforms.ActiveCfg = Debug|x86
		{99E8A91A-6E4C-4A32-92EE-BE90A701DE32}.Debug|x86.ActiveCfg = Debug|x86
		{99E8A91A-6E4C-4A32-92EE-BE90A701DE32}.Debug|Xbox 360.ActiveCfg = Debug|x86
		{99E8A91A-6E4C-4A32-92EE-BE90A701DE32}.Release|Any CPU.ActiveCfg = Release|x86
		{99E8A91A-6E4C-4A32-92EE-BE90A701DE32}.Release|Mixed Platforms.ActiveCfg = Release|x86
		{99E8A91A-6E4C-4A32-92EE-BE90A701DE32}.Release|x86.ActiveCfg = Release|x86
		{99E8A91A-6E4C-4A32-92EE-BE90A701DE32}.Release|Xbox 360.ActiveCfg = Release|x86
		{F911554F-861F-47E0-80E6-275A197E9F36}.Debug|Any CPU.ActiveCfg = Debug|x86
		{F911554F-861F-47E0-80E6-275A197E9F36}.Debug|Mixed Platforms.ActiveCfg = Debug|x86
		{F911554F-861F-47E0-80E6-275A197E9F36}.Debug|Mixed Platforms.Build.0 = Debug|x86
		{F911554F-861F-47E0-80E6-275A197E9F36}.Debug|x86.ActiveCfg = Debug|x86
		{F911554F-861F-47E0-80E6-275A197E9F36}.Debug|x86.Build.0 = Debug|x86
		{F911554F-861F-47E0-80E6-275A197E9F36}.Debug|Xbox 360.ActiveCfg = Debug|x86
		{F911554F-861F-47E0-80E6-275A197E9F36}.Debug|Xbox 360.Build.0 = Debug|x86
		{F911554F-861F-47E0-80E6-275A197E9F36}.Release|Any CPU.ActiveCfg = Release|x86
		{F911554F-861F-47E0-80E6-275A197E9F36}.Release|Mixed Platforms.ActiveCfg = Release|x86
		{F911554F-861F-47E0-80E6-275A197E9F36}.Release|Mixed Platforms.Build.0 = Release|x86
		{F911554F-861F-47E0-80E6-275A197E9F36}.Release|x86.ActiveCfg = Release|x86
		{F911554F-861F-47E0-80E6-275A197E9F36}.Release|x86.Build.0 = Release|x86
		{F911554F-861F-47E0-80E6-275A197E9F36}.Release|Xbox 360.ActiveCfg = Release|x86
		{F911554F-861F-47E0-80E6-275A197E9F36}.Release|Xbox 360.Build.0 = Release|x86
		{F0E9F98D-4FFD-4B99-AD78-631FCCD4F85A}.Debug|Any CPU.ActiveCfg = Debug|x86
		{F0E9F98D-4FFD-4B99-AD78-631FCCD4F85A}.Debug|Mixed Platforms.ActiveCfg = Debug|x86
		{F0E9F98D-4FFD-4B99-AD78-631FCCD4F85A}.Debug|x86.ActiveCfg = Debug|x86
		{F0E9F98D-4FFD-4B99-AD78-631FCCD4F85A}.Debug|Xbox 360.ActiveCfg = Debug|x86
		{F0E9F98D-4FFD-4B99-AD78-631FCCD4F85A}.Release|Any CPU.ActiveCfg = Release|x86
		{F0E9F98D-4FFD-4B99-AD78-631FCCD4F85A}.Release|Mixed Platforms.ActiveCfg = Release|x86
		{F0E9F98D-4FFD-4B99-AD78-631FCCD4F85A}.Release|x86.ActiveCfg = Release|x86
		{F0E9F98D-4FFD-4B99-AD78-631FCCD4F85A}.Release|Xbox 360.ActiveCfg = Release|x86
		{95557981-AF67-4568-B303-5C5A94793B10}.Debug|Any CPU.ActiveCfg = Debug|x86
		{95557981-AF67-4568-B303-5C5A94793B10}.Debug|Mixed Platforms.ActiveCfg = Debug|x86
		{95557981-AF67-4568-B303-5C5A94793B10}.Debug|Mixed Platforms.Build.0 = Debug|x86
		{95557981-AF67-4568-B303-5C5A94793B10}.Debug|x86.ActiveCfg = Debug|x86
		{95557981-AF67-4568-B303-5C5A94793B10}.Debug|x86.Build.0 = Debug|x86
		{95557981-AF67-4568-B303-5C5A94793B10}.Debug|Xbox 360.ActiveCfg = Debug|x86
		{95557981-AF67-4568-B303-5C5A94793B10}.Debug|Xbox 360.Build.0 = Debug|x86
		{95557981-AF67-4568-B303-5C5A94793B10}.Release|Any CPU.ActiveCfg = Release|x86
		{95557981-AF67-4568-B303-5C5A94793B10}.Release|Mixed Platforms.ActiveCfg = Release|x86
		{95557981-AF67-4568-B303-5C5A94793B10}.Release|Mixed Platforms.Build.0 = Release|x86
		{95557981-AF67-4568-B303-5C5A94793B10}.Release|x86.ActiveCfg = Release|x86
		{95557981-AF67-4568-B303-5C5A94793B10}.Release|x86.Build.0 = Release|x86
		{95557981-AF67-4568-B303-5C5A94793B10}.Release|Xbox 360.ActiveCfg = Release|x86
		{95557981-AF67-4568-B303-5C5A94793B10}.Release|Xbox 360.Build.0 = Release|x86
		{8FC7FDB6-01BA-4538-BDF1-EA79C5E41DC0}.Debug|Any CPU.ActiveCfg = Debug|x86
		{8FC7FDB6-01BA-4538-BDF1-EA79C5E41DC0}.Debug|Mixed Platforms.ActiveCfg = Debug|x86
		{8FC7FDB6-01BA-4538-BDF1-EA79C5E41DC0}.Debug|x86.ActiveCfg = Debug|x86
		{8FC7FDB6-01BA-4538-BDF1-EA79C5E41DC0}.Debug|Xbox 360.ActiveCfg = Debug|x86
		{8FC7FDB6-01BA-4538-BDF1-EA79C5E41DC0}.Release|Any CPU.ActiveCfg = Release|x86
		{8FC7FDB6-01BA-4538-BDF1-EA79C5E41DC0}.Release|Mixed Platforms.ActiveCfg = Release|x86
		{8FC7FDB6-01BA-4538-BDF1-EA79C5E41DC0}.Release|x86.ActiveCfg = Release|x86
		{8FC7FDB6-01BA-4538-BDF1-EA79C5E41DC0}.Release|Xbox 360.ActiveCfg = Release|x86
		{B330C39D-9E1A-4D8E-8601-46791D38692A}.Debug|Any CPU.ActiveCfg = Debug|Any CPU
		{B330C39D-9E1A-4D8E-8601-46791D38692A}.Debug|Any CPU.Build.0 = Debug|Any CPU
		{B330C39D-9E1A-4D8E-8601-46791D38692A}.Debug|Mixed Platforms.ActiveCfg = Debug|Any CPU
		{B330C39D-9E1A-4D8E-8601-46791D38692A}.Debug|Mixed Platforms.Build.0 = Debug|Any CPU
		{B330C39D-9E1A-4D8E-8601-46791D38692A}.Debug|x86.ActiveCfg = Debug|Any CPU
		{B330C39D-9E1A-4D8E-8601-46791D38692A}.Debug|Xbox 360.ActiveCfg = Debug|Any CPU
		{B330C39D-9E1A-4D8E-8601-46791D38692A}.Release|Any CPU.ActiveCfg = Release|Any CPU
		{B330C39D-9E1A-4D8E-8601-46791D38692A}.Release|Any CPU.Build.0 = Release|Any CPU
		{B330C39D-9E1A-4D8E-8601-46791D38692A}.Release|Mixed Platforms.ActiveCfg = Release|Any CPU
		{B330C39D-9E1A-4D8E-8601-46791D38692A}.Release|Mixed Platforms.Build.0 = Release|Any CPU
		{B330C39D-9E1A-4D8E-8601-46791D38692A}.Release|x86.ActiveCfg = Release|Any CPU
		{B330C39D-9E1A-4D8E-8601-46791D38692A}.Release|Xbox 360.ActiveCfg = Release|Any CPU
		{AB995E12-0E41-4069-BF53-92BA5CCA0281}.Debug|Any CPU.ActiveCfg = Debug|Any CPU
		{AB995E12-0E41-4069-BF53-92BA5CCA0281}.Debug|Any CPU.Build.0 = Debug|Any CPU
		{AB995E12-0E41-4069-BF53-92BA5CCA0281}.Debug|Mixed Platforms.ActiveCfg = Debug|Any CPU
		{AB995E12-0E41-4069-BF53-92BA5CCA0281}.Debug|Mixed Platforms.Build.0 = Debug|Any CPU
		{AB995E12-0E41-4069-BF53-92BA5CCA0281}.Debug|x86.ActiveCfg = Debug|Any CPU
		{AB995E12-0E41-4069-BF53-92BA5CCA0281}.Debug|Xbox 360.ActiveCfg = Debug|Any CPU
		{AB995E12-0E41-4069-BF53-92BA5CCA0281}.Release|Any CPU.ActiveCfg = Release|Any CPU
		{AB995E12-0E41-4069-BF53-92BA5CCA0281}.Release|Any CPU.Build.0 = Release|Any CPU
		{AB995E12-0E41-4069-BF53-92BA5CCA0281}.Release|Mixed Platforms.ActiveCfg = Release|Any CPU
		{AB995E12-0E41-4069-BF53-92BA5CCA0281}.Release|Mixed Platforms.Build.0 = Release|Any CPU
		{AB995E12-0E41-4069-BF53-92BA5CCA0281}.Release|x86.ActiveCfg = Release|Any CPU
		{AB995E12-0E41-4069-BF53-92BA5CCA0281}.Release|Xbox 360.ActiveCfg = Release|Any CPU
		{CE0948B0-4DD8-4841-A163-BD79C03D52EB}.Debug|Any CPU.ActiveCfg = Debug|x86
		{CE0948B0-4DD8-4841-A163-BD79C03D52EB}.Debug|Mixed Platforms.ActiveCfg = Debug|x86
		{CE0948B0-4DD8-4841-A163-BD79C03D52EB}.Debug|Mixed Platforms.Build.0 = Debug|x86
		{CE0948B0-4DD8-4841-A163-BD79C03D52EB}.Debug|x86.ActiveCfg = Debug|x86
		{CE0948B0-4DD8-4841-A163-BD79C03D52EB}.Debug|x86.Build.0 = Debug|x86
		{CE0948B0-4DD8-4841-A163-BD79C03D52EB}.Debug|Xbox 360.ActiveCfg = Debug|x86
		{CE0948B0-4DD8-4841-A163-BD79C03D52EB}.Debug|Xbox 360.Build.0 = Debug|x86
		{CE0948B0-4DD8-4841-A163-BD79C03D52EB}.Release|Any CPU.ActiveCfg = Release|x86
		{CE0948B0-4DD8-4841-A163-BD79C03D52EB}.Release|Mixed Platforms.ActiveCfg = Release|x86
		{CE0948B0-4DD8-4841-A163-BD79C03D52EB}.Release|Mixed Platforms.Build.0 = Release|x86
		{CE0948B0-4DD8-4841-A163-BD79C03D52EB}.Release|x86.ActiveCfg = Release|x86
		{CE0948B0-4DD8-4841-A163-BD79C03D52EB}.Release|x86.Build.0 = Release|x86
		{CE0948B0-4DD8-4841-A163-BD79C03D52EB}.Release|Xbox 360.ActiveCfg = Release|x86
		{CE0948B0-4DD8-4841-A163-BD79C03D52EB}.Release|Xbox 360.Build.0 = Release|x86
		{442E51D1-79AE-4F9E-B368-F9DA7A70EC39}.Debug|Any CPU.ActiveCfg = Debug|Xbox 360
		{442E51D1-79AE-4F9E-B368-F9DA7A70EC39}.Debug|Mixed Platforms.ActiveCfg = Debug|Xbox 360
		{442E51D1-79AE-4F9E-B368-F9DA7A70EC39}.Debug|Mixed Platforms.Build.0 = Debug|Xbox 360
		{442E51D1-79AE-4F9E-B368-F9DA7A70EC39}.Debug|x86.ActiveCfg = Debug|Xbox 360
		{442E51D1-79AE-4F9E-B368-F9DA7A70EC39}.Debug|Xbox 360.ActiveCfg = Debug|Xbox 360
		{442E51D1-79AE-4F9E-B368-F9DA7A70EC39}.Debug|Xbox 360.Build.0 = Debug|Xbox 360
		{442E51D1-79AE-4F9E-B368-F9DA7A70EC39}.Release|Any CPU.ActiveCfg = Release|Xbox 360
		{442E51D1-79AE-4F9E-B368-F9DA7A70EC39}.Release|Mixed Platforms.ActiveCfg = Release|Xbox 360
		{442E51D1-79AE-4F9E-B368-F9DA7A70EC39}.Release|Mixed Platforms.Build.0 = Release|Xbox 360
		{442E51D1-79AE-4F9E-B368-F9DA7A70EC39}.Release|x86.ActiveCfg = Release|Xbox 360
		{442E51D1-79AE-4F9E-B368-F9DA7A70EC39}.Release|Xbox 360.ActiveCfg = Release|Xbox 360
		{442E51D1-79AE-4F9E-B368-F9DA7A70EC39}.Release|Xbox 360.Build.0 = Release|Xbox 360
		{DB2C8D4A-473F-46D9-9327-A4152431B6BF}.Debug|Any CPU.ActiveCfg = Debug|x86
		{DB2C8D4A-473F-46D9-9327-A4152431B6BF}.Debug|Mixed Platforms.ActiveCfg = Debug|x86
		{DB2C8D4A-473F-46D9-9327-A4152431B6BF}.Debug|Mixed Platforms.Build.0 = Debug|x86
		{DB2C8D4A-473F-46D9-9327-A4152431B6BF}.Debug|x86.ActiveCfg = Debug|x86
		{DB2C8D4A-473F-46D9-9327-A4152431B6BF}.Debug|x86.Build.0 = Debug|x86
		{DB2C8D4A-473F-46D9-9327-A4152431B6BF}.Debug|Xbox 360.ActiveCfg = Debug|x86
		{DB2C8D4A-473F-46D9-9327-A4152431B6BF}.Release|Any CPU.ActiveCfg = Release|x86
		{DB2C8D4A-473F-46D9-9327-A4152431B6BF}.Release|Mixed Platforms.ActiveCfg = Release|x86
		{DB2C8D4A-473F-46D9-9327-A4152431B6BF}.Release|Mixed Platforms.Build.0 = Release|x86
		{DB2C8D4A-473F-46D9-9327-A4152431B6BF}.Release|x86.ActiveCfg = Release|x86
		{DB2C8D4A-473F-46D9-9327-A4152431B6BF}.Release|x86.Build.0 = Release|x86
		{DB2C8D4A-473F-46D9-9327-A4152431B6BF}.Release|Xbox 360.ActiveCfg = Release|x86
		{9C2901BA-B20D-49A3-9183-D620C369BAD0}.Debug|Any CPU.ActiveCfg = Debug|x86
		{9C2901BA-B20D-49A3-9183-D620C369BAD0}.Debug|Mixed Platforms.ActiveCfg = Debug|x86
		{9C2901BA-B20D-49A3-9183-D620C369BAD0}.Debug|x86.ActiveCfg = Debug|x86
		{9C2901BA-B20D-49A3-9183-D620C369BAD0}.Debug|Xbox 360.ActiveCfg = Debug|x86
		{9C2901BA-B20D-49A3-9183-D620C369BAD0}.Release|Any CPU.ActiveCfg = Release|x86
		{9C2901BA-B20D-49A3-9183-D620C369BAD0}.Release|Mixed Platforms.ActiveCfg = Release|x86
		{9C2901BA-B20D-49A3-9183-D620C369BAD0}.Release|x86.ActiveCfg = Release|x86
		{9C2901BA-B20D-49A3-9183-D620C369BAD0}.Release|Xbox 360.ActiveCfg = Release|x86
	EndGlobalSection
	GlobalSection(SolutionProperties) = preSolution
		HideSolutionNode = FALSE
	EndGlobalSection
EndGlobal
